// !$*UTF8*$!
{
	archiveVersion = 1;
	classes = {
	};
	objectVersion = 46;
	objects = {

/* Begin PBXBuildFile section */
		62DB02641CE53663001C1E0B /* AppDelegate.swift in Sources */ = {isa = PBXBuildFile; fileRef = 62DB02631CE53663001C1E0B /* AppDelegate.swift */; };
		62DB02661CE53663001C1E0B /* ViewController.swift in Sources */ = {isa = PBXBuildFile; fileRef = 62DB02651CE53663001C1E0B /* ViewController.swift */; };
		62DB02691CE53663001C1E0B /* Main.storyboard in Resources */ = {isa = PBXBuildFile; fileRef = 62DB02671CE53663001C1E0B /* Main.storyboard */; };
		62DB026B1CE53663001C1E0B /* Assets.xcassets in Resources */ = {isa = PBXBuildFile; fileRef = 62DB026A1CE53663001C1E0B /* Assets.xcassets */; };
		62DB026E1CE53663001C1E0B /* LaunchScreen.storyboard in Resources */ = {isa = PBXBuildFile; fileRef = 62DB026C1CE53663001C1E0B /* LaunchScreen.storyboard */; };
		62DB029C1CE5386F001C1E0B /* Mapbox.framework in Frameworks */ = {isa = PBXBuildFile; fileRef = 62DB02951CE536FC001C1E0B /* Mapbox.framework */; };
		62DB029D1CE5386F001C1E0B /* Mapbox.framework in Embed Frameworks */ = {isa = PBXBuildFile; fileRef = 62DB02951CE536FC001C1E0B /* Mapbox.framework */; settings = {ATTRIBUTES = (CodeSignOnCopy, RemoveHeadersOnCopy, ); }; };
/* End PBXBuildFile section */

/* Begin PBXCopyFilesBuildPhase section */
		62DB029E1CE5386F001C1E0B /* Embed Frameworks */ = {
			isa = PBXCopyFilesBuildPhase;
			buildActionMask = 2147483647;
			dstPath = "";
			dstSubfolderSpec = 10;
			files = (
				62DB029D1CE5386F001C1E0B /* Mapbox.framework in Embed Frameworks */,
			);
			name = "Embed Frameworks";
			runOnlyForDeploymentPostprocessing = 0;
		};
/* End PBXCopyFilesBuildPhase section */

/* Begin PBXFileReference section */
		62DB02601CE53662001C1E0B /* MapboxDemo.app */ = {isa = PBXFileReference; explicitFileType = wrapper.application; includeInIndex = 0; path = MapboxDemo.app; sourceTree = BUILT_PRODUCTS_DIR; };
		62DB02631CE53663001C1E0B /* AppDelegate.swift */ = {isa = PBXFileReference; lastKnownFileType = sourcecode.swift; path = AppDelegate.swift; sourceTree = "<group>"; };
		62DB02651CE53663001C1E0B /* ViewController.swift */ = {isa = PBXFileReference; lastKnownFileType = sourcecode.swift; path = ViewController.swift; sourceTree = "<group>"; };
		62DB02681CE53663001C1E0B /* Base */ = {isa = PBXFileReference; lastKnownFileType = file.storyboard; name = Base; path = Base.lproj/Main.storyboard; sourceTree = "<group>"; };
		62DB026A1CE53663001C1E0B /* Assets.xcassets */ = {isa = PBXFileReference; lastKnownFileType = folder.assetcatalog; path = Assets.xcassets; sourceTree = "<group>"; };
		62DB026D1CE53663001C1E0B /* Base */ = {isa = PBXFileReference; lastKnownFileType = file.storyboard; name = Base; path = Base.lproj/LaunchScreen.storyboard; sourceTree = "<group>"; };
		62DB026F1CE53663001C1E0B /* Info.plist */ = {isa = PBXFileReference; lastKnownFileType = text.plist.xml; path = Info.plist; sourceTree = "<group>"; };
		62DB02951CE536FC001C1E0B /* Mapbox.framework */ = {isa = PBXFileReference; lastKnownFileType = wrapper.framework; path = Mapbox.framework; sourceTree = "<group>"; };
/* End PBXFileReference section */

/* Begin PBXFrameworksBuildPhase section */
		62DB025D1CE53662001C1E0B /* Frameworks */ = {
			isa = PBXFrameworksBuildPhase;
			buildActionMask = 2147483647;
			files = (
				62DB029C1CE5386F001C1E0B /* Mapbox.framework in Frameworks */,
			);
			runOnlyForDeploymentPostprocessing = 0;
		};
/* End PBXFrameworksBuildPhase section */

/* Begin PBXGroup section */
		62DB02571CE53662001C1E0B = {
			isa = PBXGroup;
			children = (
				62DB02941CE536CE001C1E0B /* Frameworks */,
				62DB02611CE53662001C1E0B /* Products */,
				62DB02931CE536C0001C1E0B /* Resources */,
				62DB02621CE53663001C1E0B /* Source */,
				62DB02921CE536B5001C1E0B /* SupportFiles */,
			);
			sourceTree = "<group>";
		};
		62DB02611CE53662001C1E0B /* Products */ = {
			isa = PBXGroup;
			children = (
				62DB02601CE53662001C1E0B /* MapboxDemo.app */,
			);
			name = Products;
			sourceTree = "<group>";
		};
		62DB02621CE53663001C1E0B /* Source */ = {
			isa = PBXGroup;
			children = (
				62DB02631CE53663001C1E0B /* AppDelegate.swift */,
				62DB02651CE53663001C1E0B /* ViewController.swift */,
			);
			path = Source;
			sourceTree = "<group>";
		};
		62DB02921CE536B5001C1E0B /* SupportFiles */ = {
			isa = PBXGroup;
			children = (
				62DB026F1CE53663001C1E0B /* Info.plist */,
			);
			path = SupportFiles;
			sourceTree = "<group>";
		};
		62DB02931CE536C0001C1E0B /* Resources */ = {
			isa = PBXGroup;
			children = (
				62DB026A1CE53663001C1E0B /* Assets.xcassets */,
				62DB026C1CE53663001C1E0B /* LaunchScreen.storyboard */,
				62DB02671CE53663001C1E0B /* Main.storyboard */,
			);
			path = Resources;
			sourceTree = "<group>";
		};
		62DB02941CE536CE001C1E0B /* Frameworks */ = {
			isa = PBXGroup;
			children = (
				62DB02951CE536FC001C1E0B /* Mapbox.framework */,
			);
			path = Frameworks;
			sourceTree = "<group>";
		};
/* End PBXGroup section */

/* Begin PBXNativeTarget section */
		62DB025F1CE53662001C1E0B /* MapboxDemo */ = {
			isa = PBXNativeTarget;
			buildConfigurationList = 62DB02881CE53663001C1E0B /* Build configuration list for PBXNativeTarget "MapboxDemo" */;
			buildPhases = (
				62DB025C1CE53662001C1E0B /* Sources */,
				62DB025D1CE53662001C1E0B /* Frameworks */,
				62DB025E1CE53662001C1E0B /* Resources */,
				62DB029E1CE5386F001C1E0B /* Embed Frameworks */,
			);
			buildRules = (
			);
			dependencies = (
			);
			name = MapboxDemo;
			productName = MapboxDemo;
			productReference = 62DB02601CE53662001C1E0B /* MapboxDemo.app */;
			productType = "com.apple.product-type.application";
		};
/* End PBXNativeTarget section */

/* Begin PBXProject section */
		62DB02581CE53662001C1E0B /* Project object */ = {
			isa = PBXProject;
			attributes = {
				LastSwiftUpdateCheck = 0730;
				LastUpgradeCheck = 0730;
				ORGANIZATIONNAME = "Alexis Digital";
				TargetAttributes = {
					62DB025F1CE53662001C1E0B = {
						CreatedOnToolsVersion = 7.3.1;
					};
				};
			};
			buildConfigurationList = 62DB025B1CE53662001C1E0B /* Build configuration list for PBXProject "MapboxDemo" */;
			compatibilityVersion = "Xcode 3.2";
			developmentRegion = English;
			hasScannedForEncodings = 0;
			knownRegions = (
				en,
				Base,
			);
			mainGroup = 62DB02571CE53662001C1E0B;
			productRefGroup = 62DB02611CE53662001C1E0B /* Products */;
			projectDirPath = "";
			projectRoot = "";
			targets = (
				62DB025F1CE53662001C1E0B /* MapboxDemo */,
			);
		};
/* End PBXProject section */

/* Begin PBXResourcesBuildPhase section */
		62DB025E1CE53662001C1E0B /* Resources */ = {
			isa = PBXResourcesBuildPhase;
			buildActionMask = 2147483647;
			files = (
				62DB026E1CE53663001C1E0B /* LaunchScreen.storyboard in Resources */,
				62DB026B1CE53663001C1E0B /* Assets.xcassets in Resources */,
				62DB02691CE53663001C1E0B /* Main.storyboard in Resources */,
			);
			runOnlyForDeploymentPostprocessing = 0;
		};
/* End PBXResourcesBuildPhase section */

/* Begin PBXSourcesBuildPhase section */
		62DB025C1CE53662001C1E0B /* Sources */ = {
			isa = PBXSourcesBuildPhase;
			buildActionMask = 2147483647;
			files = (
				62DB02661CE53663001C1E0B /* ViewController.swift in Sources */,
				62DB02641CE53663001C1E0B /* AppDelegate.swift in Sources */,
			);
			runOnlyForDeploymentPostprocessing = 0;
		};
/* End PBXSourcesBuildPhase section */

/* Begin PBXVariantGroup section */
		62DB02671CE53663001C1E0B /* Main.storyboard */ = {
			isa = PBXVariantGroup;
			children = (
				62DB02681CE53663001C1E0B /* Base */,
			);
			name = Main.storyboard;
			path = .;
			sourceTree = "<group>";
		};
		62DB026C1CE53663001C1E0B /* LaunchScreen.storyboard */ = {
			isa = PBXVariantGroup;
			children = (
				62DB026D1CE53663001C1E0B /* Base */,
			);
			name = LaunchScreen.storyboard;
			path = .;
			sourceTree = "<group>";
		};
/* End PBXVariantGroup section */

/* Begin XCBuildConfiguration section */
		62DB02861CE53663001C1E0B /* Debug */ = {
			isa = XCBuildConfiguration;
			buildSettings = {
				ALWAYS_SEARCH_USER_PATHS = NO;
				CLANG_ANALYZER_NONNULL = YES;
				CLANG_CXX_LANGUAGE_STANDARD = "gnu++0x";
				CLANG_CXX_LIBRARY = "libc++";
				CLANG_ENABLE_MODULES = YES;
				CLANG_ENABLE_OBJC_ARC = YES;
				CLANG_WARN_BOOL_CONVERSION = YES;
				CLANG_WARN_CONSTANT_CONVERSION = YES;
				CLANG_WARN_DIRECT_OBJC_ISA_USAGE = YES_ERROR;
				CLANG_WARN_EMPTY_BODY = YES;
				CLANG_WARN_ENUM_CONVERSION = YES;
				CLANG_WARN_INT_CONVERSION = YES;
				CLANG_WARN_OBJC_ROOT_CLASS = YES_ERROR;
				CLANG_WARN_UNREACHABLE_CODE = YES;
				CLANG_WARN__DUPLICATE_METHOD_MATCH = YES;
				"CODE_SIGN_IDENTITY[sdk=iphoneos*]" = "iPhone Developer";
				COPY_PHASE_STRIP = NO;
				DEBUG_INFORMATION_FORMAT = dwarf;
				ENABLE_STRICT_OBJC_MSGSEND = YES;
				ENABLE_TESTABILITY = YES;
				GCC_C_LANGUAGE_STANDARD = gnu99;
				GCC_DYNAMIC_NO_PIC = NO;
				GCC_NO_COMMON_BLOCKS = YES;
				GCC_OPTIMIZATION_LEVEL = 0;
				GCC_PREPROCESSOR_DEFINITIONS = (
					"DEBUG=1",
					"$(inherited)",
				);
				GCC_WARN_64_TO_32_BIT_CONVERSION = YES;
				GCC_WARN_ABOUT_RETURN_TYPE = YES_ERROR;
				GCC_WARN_UNDECLARED_SELECTOR = YES;
				GCC_WARN_UNINITIALIZED_AUTOS = YES_AGGRESSIVE;
				GCC_WARN_UNUSED_FUNCTION = YES;
				GCC_WARN_UNUSED_VARIABLE = YES;
				IPHONEOS_DEPLOYMENT_TARGET = 9.3;
				MTL_ENABLE_DEBUG_INFO = YES;
				ONLY_ACTIVE_ARCH = YES;
				SDKROOT = iphoneos;
				SWIFT_OPTIMIZATION_LEVEL = "-Onone";
			};
			name = Debug;
		};
		62DB02871CE53663001C1E0B /* Release */ = {
			isa = XCBuildConfiguration;
			buildSettings = {
				ALWAYS_SEARCH_USER_PATHS = NO;
				CLANG_ANALYZER_NONNULL = YES;
				CLANG_CXX_LANGUAGE_STANDARD = "gnu++0x";
				CLANG_CXX_LIBRARY = "libc++";
				CLANG_ENABLE_MODULES = YES;
				CLANG_ENABLE_OBJC_ARC = YES;
				CLANG_WARN_BOOL_CONVERSION = YES;
				CLANG_WARN_CONSTANT_CONVERSION = YES;
				CLANG_WARN_DIRECT_OBJC_ISA_USAGE = YES_ERROR;
				CLANG_WARN_EMPTY_BODY = YES;
				CLANG_WARN_ENUM_CONVERSION = YES;
				CLANG_WARN_INT_CONVERSION = YES;
				CLANG_WARN_OBJC_ROOT_CLASS = YES_ERROR;
				CLANG_WARN_UNREACHABLE_CODE = YES;
				CLANG_WARN__DUPLICATE_METHOD_MATCH = YES;
				"CODE_SIGN_IDENTITY[sdk=iphoneos*]" = "iPhone Developer";
				COPY_PHASE_STRIP = NO;
				DEBUG_INFORMATION_FORMAT = "dwarf-with-dsym";
				ENABLE_NS_ASSERTIONS = NO;
				ENABLE_STRICT_OBJC_MSGSEND = YES;
				GCC_C_LANGUAGE_STANDARD = gnu99;
				GCC_NO_COMMON_BLOCKS = YES;
				GCC_WARN_64_TO_32_BIT_CONVERSION = YES;
				GCC_WARN_ABOUT_RETURN_TYPE = YES_ERROR;
				GCC_WARN_UNDECLARED_SELECTOR = YES;
				GCC_WARN_UNINITIALIZED_AUTOS = YES_AGGRESSIVE;
				GCC_WARN_UNUSED_FUNCTION = YES;
				GCC_WARN_UNUSED_VARIABLE = YES;
				IPHONEOS_DEPLOYMENT_TARGET = 9.3;
				MTL_ENABLE_DEBUG_INFO = NO;
				SDKROOT = iphoneos;
				VALIDATE_PRODUCT = YES;
			};
			name = Release;
		};
		62DB02891CE53663001C1E0B /* Debug */ = {
			isa = XCBuildConfiguration;
			buildSettings = {
				ASSETCATALOG_COMPILER_APPICON_NAME = AppIcon;
				FRAMEWORK_SEARCH_PATHS = (
					"$(inherited)",
					"$(PROJECT_DIR)",
					"$(PROJECT_DIR)/Frameworks",
				);
				INFOPLIST_FILE = "$(SRCROOT)/SupportFiles/Info.plist";
				LD_RUNPATH_SEARCH_PATHS = "$(inherited) @executable_path/Frameworks";
				PRODUCT_BUNDLE_IDENTIFIER = com.alexisdigital.MapboxDemo;
				PRODUCT_NAME = "$(TARGET_NAME)";
			};
			name = Debug;
		};
		62DB028A1CE53663001C1E0B /* Release */ = {
			isa = XCBuildConfiguration;
			buildSettings = {
				ASSETCATALOG_COMPILER_APPICON_NAME = AppIcon;
				FRAMEWORK_SEARCH_PATHS = (
					"$(inherited)",
					"$(PROJECT_DIR)",
					"$(PROJECT_DIR)/Frameworks",
				);
				INFOPLIST_FILE = "$(SRCROOT)/SupportFiles/Info.plist";
				LD_RUNPATH_SEARCH_PATHS = "$(inherited) @executable_path/Frameworks";
				PRODUCT_BUNDLE_IDENTIFIER = com.alexisdigital.MapboxDemo;
				PRODUCT_NAME = "$(TARGET_NAME)";
			};
			name = Release;
		};
/* End XCBuildConfiguration section */

/* Begin XCConfigurationList section */
		62DB025B1CE53662001C1E0B /* Build configuration list for PBXProject "MapboxDemo" */ = {
			isa = XCConfigurationList;
			buildConfigurations = (
				62DB02861CE53663001C1E0B /* Debug */,
				62DB02871CE53663001C1E0B /* Release */,
			);
			defaultConfigurationIsVisible = 0;
			defaultConfigurationName = Release;
		};
		62DB02881CE53663001C1E0B /* Build configuration list for PBXNativeTarget "MapboxDemo" */ = {
			isa = XCConfigurationList;
			buildConfigurations = (
				62DB02891CE53663001C1E0B /* Debug */,
				62DB028A1CE53663001C1E0B /* Release */,
			);
			defaultConfigurationIsVisible = 0;
			defaultConfigurationName = Release;
		};
/* End XCConfigurationList section */
	};
	rootObject = 62DB02581CE53662001C1E0B /* Project object */;
}
